
Microsoft Visual Studio Solution File, Format Version 12.00
# Visual Studio 14
VisualStudioVersion = 14.0.25420.1
MinimumVisualStudioVersion = 10.0.40219.1
Project("{FAE04EC0-301F-11D3-BF4B-00C04F79EFBC}") = "Day3", "OfCode\Day3.csproj", "{DCE8D146-9EF4-4C3D-9F81-F7F1ADEB74D0}"
EndProject
Project("{FAE04EC0-301F-11D3-BF4B-00C04F79EFBC}") = "Day4", "Day4\Day4.csproj", "{E4F1802B-23D2-4073-8B43-A9D69A99A95F}"
EndProject
Project("{FAE04EC0-301F-11D3-BF4B-00C04F79EFBC}") = "Day5", "Day5\Day5.csproj", "{B1FCF7E2-5CDB-483E-9DAA-0D16191CF9AC}"
EndProject
Project("{FAE04EC0-301F-11D3-BF4B-00C04F79EFBC}") = "Day6", "Day6\Day6.csproj", "{413726CC-EE96-4AC7-818E-62AABF4D64CB}"
EndProject
Project("{FAE04EC0-301F-11D3-BF4B-00C04F79EFBC}") = "Day7", "Day7\Day7.csproj", "{AD1FE202-9A8B-4B8C-B4B0-4C3975B6AF0F}"
EndProject
Project("{FAE04EC0-301F-11D3-BF4B-00C04F79EFBC}") = "Day8", "Day8\Day8.csproj", "{5EDDC2AA-B4A7-4279-90F3-4E29C3236010}"
EndProject
Project("{FAE04EC0-301F-11D3-BF4B-00C04F79EFBC}") = "Day9", "Day9\Day9.csproj", "{E5191F9F-96C0-4129-9A66-21DCFD9826FF}"
EndProject
Project("{FAE04EC0-301F-11D3-BF4B-00C04F79EFBC}") = "Day10", "Day10\Day10.csproj", "{407F78CA-2287-41F9-9A01-E0DBF7511B59}"
EndProject
Project("{FAE04EC0-301F-11D3-BF4B-00C04F79EFBC}") = "Day11", "day11\Day11.csproj", "{F911391E-A9B4-42B5-BF1D-16EC5CD097E4}"
EndProject
Project("{FAE04EC0-301F-11D3-BF4B-00C04F79EFBC}") = "Day12", "Day12\Day12.csproj", "{DAD67E41-D804-4538-87F0-55E97C2D1131}"
EndProject
Project("{FAE04EC0-301F-11D3-BF4B-00C04F79EFBC}") = "Day13", "Day13\Day13.csproj", "{F99C24E6-3C9C-49BC-BAA0-54C75B65A00F}"
EndProject
Project("{FAE04EC0-301F-11D3-BF4B-00C04F79EFBC}") = "Day14", "Day14\Day14.csproj", "{F3C44549-610B-47D5-8B61-CF329E2CB34F}"
EndProject
Project("{FAE04EC0-301F-11D3-BF4B-00C04F79EFBC}") = "Day15", "Day15\Day15.csproj", "{8114673E-7E6F-4085-9EF1-CDF5FCA89A50}"
EndProject
Project("{FAE04EC0-301F-11D3-BF4B-00C04F79EFBC}") = "Day16", "Day16\Day16.csproj", "{C19CF022-E6FB-496F-8AFD-8E6A1ADE7321}"
EndProject
Project("{FAE04EC0-301F-11D3-BF4B-00C04F79EFBC}") = "Day17", "Day17\Day17.csproj", "{BC8F924C-9D3D-4569-A328-58732DD96430}"
EndProject
Project("{FAE04EC0-301F-11D3-BF4B-00C04F79EFBC}") = "Day18", "Day18\Day18.csproj", "{3CDFF999-6C65-4527-8936-03DC1F9DF889}"
EndProject
Project("{FAE04EC0-301F-11D3-BF4B-00C04F79EFBC}") = "Day19", "Day19\Day19.csproj", "{31C4988A-889C-495C-AE7A-E55F21623D82}"
EndProject
Project("{FAE04EC0-301F-11D3-BF4B-00C04F79EFBC}") = "Day20", "Day20\Day20.csproj", "{61FA5BFB-F8A4-4915-B8D4-74943EAB2842}"
EndProject
Project("{FAE04EC0-301F-11D3-BF4B-00C04F79EFBC}") = "Day21", "Day21\Day21.csproj", "{CB9CD787-3BA6-4A74-AC6E-03A49C96CA53}"
EndProject
Project("{FAE04EC0-301F-11D3-BF4B-00C04F79EFBC}") = "Day22", "Day22\Day22.csproj", "{5736D8B2-54EE-48D3-BA2E-AACD4640A7C6}"
EndProject
Project("{FAE04EC0-301F-11D3-BF4B-00C04F79EFBC}") = "Day23", "Day23\Day23.csproj", "{6B18370D-BE42-4A05-AD6E-DACF3A7A2A90}"
EndProject
Project("{FAE04EC0-301F-11D3-BF4B-00C04F79EFBC}") = "Day24", "Day24\Day24.csproj", "{CF452470-D6F6-45B0-8EC9-685827B30159}"
EndProject
Project("{FAE04EC0-301F-11D3-BF4B-00C04F79EFBC}") = "Day25", "Day25\Day25.csproj", "{145099CD-0A71-4817-A9A9-2C715E9AF271}"
EndProject
Global
	GlobalSection(Performance) = preSolution
		HasPerformanceSessions = true
	EndGlobalSection
	GlobalSection(SolutionConfigurationPlatforms) = preSolution
		Debug|Any CPU = Debug|Any CPU
		Release|Any CPU = Release|Any CPU
	EndGlobalSection
	GlobalSection(ProjectConfigurationPlatforms) = postSolution
		{DCE8D146-9EF4-4C3D-9F81-F7F1ADEB74D0}.Debug|Any CPU.ActiveCfg = Debug|Any CPU
		{DCE8D146-9EF4-4C3D-9F81-F7F1ADEB74D0}.Debug|Any CPU.Build.0 = Debug|Any CPU
		{DCE8D146-9EF4-4C3D-9F81-F7F1ADEB74D0}.Release|Any CPU.ActiveCfg = Release|Any CPU
		{DCE8D146-9EF4-4C3D-9F81-F7F1ADEB74D0}.Release|Any CPU.Build.0 = Release|Any CPU
		{E4F1802B-23D2-4073-8B43-A9D69A99A95F}.Debug|Any CPU.ActiveCfg = Debug|Any CPU
		{E4F1802B-23D2-4073-8B43-A9D69A99A95F}.Debug|Any CPU.Build.0 = Debug|Any CPU
		{E4F1802B-23D2-4073-8B43-A9D69A99A95F}.Release|Any CPU.ActiveCfg = Release|Any CPU
		{E4F1802B-23D2-4073-8B43-A9D69A99A95F}.Release|Any CPU.Build.0 = Release|Any CPU
		{B1FCF7E2-5CDB-483E-9DAA-0D16191CF9AC}.Debug|Any CPU.ActiveCfg = Debug|Any CPU
		{B1FCF7E2-5CDB-483E-9DAA-0D16191CF9AC}.Debug|Any CPU.Build.0 = Debug|Any CPU
		{B1FCF7E2-5CDB-483E-9DAA-0D16191CF9AC}.Release|Any CPU.ActiveCfg = Release|Any CPU
		{B1FCF7E2-5CDB-483E-9DAA-0D16191CF9AC}.Release|Any CPU.Build.0 = Release|Any CPU
		{413726CC-EE96-4AC7-818E-62AABF4D64CB}.Debug|Any CPU.ActiveCfg = Debug|Any CPU
		{413726CC-EE96-4AC7-818E-62AABF4D64CB}.Debug|Any CPU.Build.0 = Debug|Any CPU
		{413726CC-EE96-4AC7-818E-62AABF4D64CB}.Release|Any CPU.ActiveCfg = Release|Any CPU
		{413726CC-EE96-4AC7-818E-62AABF4D64CB}.Release|Any CPU.Build.0 = Release|Any CPU
		{AD1FE202-9A8B-4B8C-B4B0-4C3975B6AF0F}.Debug|Any CPU.ActiveCfg = Debug|Any CPU
		{AD1FE202-9A8B-4B8C-B4B0-4C3975B6AF0F}.Debug|Any CPU.Build.0 = Debug|Any CPU
		{AD1FE202-9A8B-4B8C-B4B0-4C3975B6AF0F}.Release|Any CPU.ActiveCfg = Release|Any CPU
		{AD1FE202-9A8B-4B8C-B4B0-4C3975B6AF0F}.Release|Any CPU.Build.0 = Release|Any CPU
		{5EDDC2AA-B4A7-4279-90F3-4E29C3236010}.Debug|Any CPU.ActiveCfg = Debug|Any CPU
		{5EDDC2AA-B4A7-4279-90F3-4E29C3236010}.Debug|Any CPU.Build.0 = Debug|Any CPU
		{5EDDC2AA-B4A7-4279-90F3-4E29C3236010}.Release|Any CPU.ActiveCfg = Release|Any CPU
		{5EDDC2AA-B4A7-4279-90F3-4E29C3236010}.Release|Any CPU.Build.0 = Release|Any CPU
		{E5191F9F-96C0-4129-9A66-21DCFD9826FF}.Debug|Any CPU.ActiveCfg = Debug|Any CPU
		{E5191F9F-96C0-4129-9A66-21DCFD9826FF}.Debug|Any CPU.Build.0 = Debug|Any CPU
		{E5191F9F-96C0-4129-9A66-21DCFD9826FF}.Release|Any CPU.ActiveCfg = Release|Any CPU
		{E5191F9F-96C0-4129-9A66-21DCFD9826FF}.Release|Any CPU.Build.0 = Release|Any CPU
		{407F78CA-2287-41F9-9A01-E0DBF7511B59}.Debug|Any CPU.ActiveCfg = Debug|Any CPU
		{407F78CA-2287-41F9-9A01-E0DBF7511B59}.Debug|Any CPU.Build.0 = Debug|Any CPU
		{407F78CA-2287-41F9-9A01-E0DBF7511B59}.Release|Any CPU.ActiveCfg = Release|Any CPU
		{407F78CA-2287-41F9-9A01-E0DBF7511B59}.Release|Any CPU.Build.0 = Release|Any CPU
		{F911391E-A9B4-42B5-BF1D-16EC5CD097E4}.Debug|Any CPU.ActiveCfg = Debug|Any CPU
		{F911391E-A9B4-42B5-BF1D-16EC5CD097E4}.Debug|Any CPU.Build.0 = Debug|Any CPU
		{F911391E-A9B4-42B5-BF1D-16EC5CD097E4}.Release|Any CPU.ActiveCfg = Release|Any CPU
		{F911391E-A9B4-42B5-BF1D-16EC5CD097E4}.Release|Any CPU.Build.0 = Release|Any CPU
		{DAD67E41-D804-4538-87F0-55E97C2D1131}.Debug|Any CPU.ActiveCfg = Debug|Any CPU
		{DAD67E41-D804-4538-87F0-55E97C2D1131}.Debug|Any CPU.Build.0 = Debug|Any CPU
		{DAD67E41-D804-4538-87F0-55E97C2D1131}.Release|Any CPU.ActiveCfg = Release|Any CPU
		{DAD67E41-D804-4538-87F0-55E97C2D1131}.Release|Any CPU.Build.0 = Release|Any CPU
		{F99C24E6-3C9C-49BC-BAA0-54C75B65A00F}.Debug|Any CPU.ActiveCfg = Debug|Any CPU
		{F99C24E6-3C9C-49BC-BAA0-54C75B65A00F}.Debug|Any CPU.Build.0 = Debug|Any CPU
		{F99C24E6-3C9C-49BC-BAA0-54C75B65A00F}.Release|Any CPU.ActiveCfg = Release|Any CPU
		{F99C24E6-3C9C-49BC-BAA0-54C75B65A00F}.Release|Any CPU.Build.0 = Release|Any CPU
		{F3C44549-610B-47D5-8B61-CF329E2CB34F}.Debug|Any CPU.ActiveCfg = Debug|Any CPU
		{F3C44549-610B-47D5-8B61-CF329E2CB34F}.Debug|Any CPU.Build.0 = Debug|Any CPU
		{F3C44549-610B-47D5-8B61-CF329E2CB34F}.Release|Any CPU.ActiveCfg = Release|Any CPU
		{F3C44549-610B-47D5-8B61-CF329E2CB34F}.Release|Any CPU.Build.0 = Release|Any CPU
		{8114673E-7E6F-4085-9EF1-CDF5FCA89A50}.Debug|Any CPU.ActiveCfg = Debug|Any CPU
		{8114673E-7E6F-4085-9EF1-CDF5FCA89A50}.Debug|Any CPU.Build.0 = Debug|Any CPU
		{8114673E-7E6F-4085-9EF1-CDF5FCA89A50}.Release|Any CPU.ActiveCfg = Release|Any CPU
		{8114673E-7E6F-4085-9EF1-CDF5FCA89A50}.Release|Any CPU.Build.0 = Release|Any CPU
		{C19CF022-E6FB-496F-8AFD-8E6A1ADE7321}.Debug|Any CPU.ActiveCfg = Debug|Any CPU
		{C19CF022-E6FB-496F-8AFD-8E6A1ADE7321}.Debug|Any CPU.Build.0 = Debug|Any CPU
		{C19CF022-E6FB-496F-8AFD-8E6A1ADE7321}.Release|Any CPU.ActiveCfg = Release|Any CPU
		{C19CF022-E6FB-496F-8AFD-8E6A1ADE7321}.Release|Any CPU.Build.0 = Release|Any CPU
		{BC8F924C-9D3D-4569-A328-58732DD96430}.Debug|Any CPU.ActiveCfg = Debug|Any CPU
		{BC8F924C-9D3D-4569-A328-58732DD96430}.Debug|Any CPU.Build.0 = Debug|Any CPU
		{BC8F924C-9D3D-4569-A328-58732DD96430}.Release|Any CPU.ActiveCfg = Release|Any CPU
		{BC8F924C-9D3D-4569-A328-58732DD96430}.Release|Any CPU.Build.0 = Release|Any CPU
		{3CDFF999-6C65-4527-8936-03DC1F9DF889}.Debug|Any CPU.ActiveCfg = Debug|Any CPU
		{3CDFF999-6C65-4527-8936-03DC1F9DF889}.Debug|Any CPU.Build.0 = Debug|Any CPU
		{3CDFF999-6C65-4527-8936-03DC1F9DF889}.Release|Any CPU.ActiveCfg = Release|Any CPU
		{3CDFF999-6C65-4527-8936-03DC1F9DF889}.Release|Any CPU.Build.0 = Release|Any CPU
		{31C4988A-889C-495C-AE7A-E55F21623D82}.Debug|Any CPU.ActiveCfg = Debug|Any CPU
		{31C4988A-889C-495C-AE7A-E55F21623D82}.Debug|Any CPU.Build.0 = Debug|Any CPU
		{31C4988A-889C-495C-AE7A-E55F21623D82}.Release|Any CPU.ActiveCfg = Release|Any CPU
		{31C4988A-889C-495C-AE7A-E55F21623D82}.Release|Any CPU.Build.0 = Release|Any CPU
		{61FA5BFB-F8A4-4915-B8D4-74943EAB2842}.Debug|Any CPU.ActiveCfg = Debug|Any CPU
		{61FA5BFB-F8A4-4915-B8D4-74943EAB2842}.Debug|Any CPU.Build.0 = Debug|Any CPU
		{61FA5BFB-F8A4-4915-B8D4-74943EAB2842}.Release|Any CPU.ActiveCfg = Release|Any CPU
		{61FA5BFB-F8A4-4915-B8D4-74943EAB2842}.Release|Any CPU.Build.0 = Release|Any CPU
		{CB9CD787-3BA6-4A74-AC6E-03A49C96CA53}.Debug|Any CPU.ActiveCfg = Debug|Any CPU
		{CB9CD787-3BA6-4A74-AC6E-03A49C96CA53}.Debug|Any CPU.Build.0 = Debug|Any CPU
		{CB9CD787-3BA6-4A74-AC6E-03A49C96CA53}.Release|Any CPU.ActiveCfg = Release|Any CPU
		{CB9CD787-3BA6-4A74-AC6E-03A49C96CA53}.Release|Any CPU.Build.0 = Release|Any CPU
		{5736D8B2-54EE-48D3-BA2E-AACD4640A7C6}.Debug|Any CPU.ActiveCfg = Debug|Any CPU
		{5736D8B2-54EE-48D3-BA2E-AACD4640A7C6}.Debug|Any CPU.Build.0 = Debug|Any CPU
		{5736D8B2-54EE-48D3-BA2E-AACD4640A7C6}.Release|Any CPU.ActiveCfg = Release|Any CPU
		{5736D8B2-54EE-48D3-BA2E-AACD4640A7C6}.Release|Any CPU.Build.0 = Release|Any CPU
		{6B18370D-BE42-4A05-AD6E-DACF3A7A2A90}.Debug|Any CPU.ActiveCfg = Debug|Any CPU
		{6B18370D-BE42-4A05-AD6E-DACF3A7A2A90}.Debug|Any CPU.Build.0 = Debug|Any CPU
		{6B18370D-BE42-4A05-AD6E-DACF3A7A2A90}.Release|Any CPU.ActiveCfg = Release|Any CPU
		{6B18370D-BE42-4A05-AD6E-DACF3A7A2A90}.Release|Any CPU.Build.0 = Release|Any CPU
		{CF452470-D6F6-45B0-8EC9-685827B30159}.Debug|Any CPU.ActiveCfg = Debug|Any CPU
		{CF452470-D6F6-45B0-8EC9-685827B30159}.Debug|Any CPU.Build.0 = Debug|Any CPU
		{CF452470-D6F6-45B0-8EC9-685827B30159}.Release|Any CPU.ActiveCfg = Release|Any CPU
		{CF452470-D6F6-45B0-8EC9-685827B30159}.Release|Any CPU.Build.0 = Release|Any CPU
		{145099CD-0A71-4817-A9A9-2C715E9AF271}.Debug|Any CPU.ActiveCfg = Debug|Any CPU
		{145099CD-0A71-4817-A9A9-2C715E9AF271}.Debug|Any CPU.Build.0 = Debug|Any CPU
		{145099CD-0A71-4817-A9A9-2C715E9AF271}.Release|Any CPU.ActiveCfg = Release|Any CPU
		{145099CD-0A71-4817-A9A9-2C715E9AF271}.Release|Any CPU.Build.0 = Release|Any CPU
	EndGlobalSection
	GlobalSection(SolutionProperties) = preSolution
		HideSolutionNode = FALSE
	EndGlobalSection
EndGlobal
